
Microsoft Visual Studio Solution File, Format Version 12.00
# Visual Studio Version 17
VisualStudioVersion = 17.7.34031.279
MinimumVisualStudioVersion = 10.0.40219.1
Project("{2150E333-8FDC-42A3-9474-1A3956D46DE8}") = "Services", "Services", "{C38C90EE-BA9A-4496-A09C-6AFA0A0E4805}"
EndProject
Project("{2150E333-8FDC-42A3-9474-1A3956D46DE8}") = "Catalog", "Catalog", "{166FB3AA-0139-4377-A994-E01B6F69DF18}"
EndProject
Project("{9A19103F-16F7-4668-BE54-9A1E7A4F7556}") = "Catalog.API", "Services\Catalog\Catalog.API\Catalog.API.csproj", "{766562DD-F356-4EA1-80CA-3D2ACA137685}"
EndProject
Project("{2150E333-8FDC-42A3-9474-1A3956D46DE8}") = "Solution Items", "Solution Items", "{231D3772-9BBA-46D2-8736-D935B93E077C}"
	ProjectSection(SolutionItems) = preProject
		Ports.txt = Ports.txt
	EndProjectSection
EndProject
Project("{2150E333-8FDC-42A3-9474-1A3956D46DE8}") = "Shared", "Shared", "{F4F27154-B717-4AC8-B194-2EF3F3B29457}"
EndProject
Project("{9A19103F-16F7-4668-BE54-9A1E7A4F7556}") = "Shared", "Shared\Shared\Shared.csproj", "{B939856F-523D-4145-8020-899191B95138}"
EndProject
Project("{2150E333-8FDC-42A3-9474-1A3956D46DE8}") = "IdentityServer", "IdentityServer", "{2AB1F67C-554E-4EFC-9DC7-E9B3FA7D6F0C}"
EndProject
Project("{9A19103F-16F7-4668-BE54-9A1E7A4F7556}") = "IdentityServer.API", "IdentityServer\IdentityServer.API\IdentityServer.API.csproj", "{A83B1A00-8A96-4753-A236-8160DC8AC476}"
EndProject
Project("{2150E333-8FDC-42A3-9474-1A3956D46DE8}") = "PhotoStock", "PhotoStock", "{CCC9159C-BAEE-443B-A328-044262C2987A}"
EndProject
Project("{FAE04EC0-301F-11D3-BF4B-00C04F79EFBC}") = "PhotoStock.API", "Services\PhotoStock\PhotoStock.API\PhotoStock.API.csproj", "{EF379588-FFD5-45AE-9D6E-843C856749EC}"
EndProject
Global
	GlobalSection(SolutionConfigurationPlatforms) = preSolution
		Debug|Any CPU = Debug|Any CPU
		Release|Any CPU = Release|Any CPU
	EndGlobalSection
	GlobalSection(ProjectConfigurationPlatforms) = postSolution
		{766562DD-F356-4EA1-80CA-3D2ACA137685}.Debug|Any CPU.ActiveCfg = Debug|Any CPU
		{766562DD-F356-4EA1-80CA-3D2ACA137685}.Debug|Any CPU.Build.0 = Debug|Any CPU
		{766562DD-F356-4EA1-80CA-3D2ACA137685}.Release|Any CPU.ActiveCfg = Release|Any CPU
		{766562DD-F356-4EA1-80CA-3D2ACA137685}.Release|Any CPU.Build.0 = Release|Any CPU
		{B939856F-523D-4145-8020-899191B95138}.Debug|Any CPU.ActiveCfg = Debug|Any CPU
		{B939856F-523D-4145-8020-899191B95138}.Debug|Any CPU.Build.0 = Debug|Any CPU
		{B939856F-523D-4145-8020-899191B95138}.Release|Any CPU.ActiveCfg = Release|Any CPU
		{B939856F-523D-4145-8020-899191B95138}.Release|Any CPU.Build.0 = Release|Any CPU
		{A83B1A00-8A96-4753-A236-8160DC8AC476}.Debug|Any CPU.ActiveCfg = Debug|Any CPU
		{A83B1A00-8A96-4753-A236-8160DC8AC476}.Debug|Any CPU.Build.0 = Debug|Any CPU
		{A83B1A00-8A96-4753-A236-8160DC8AC476}.Release|Any CPU.ActiveCfg = Release|Any CPU
		{A83B1A00-8A96-4753-A236-8160DC8AC476}.Release|Any CPU.Build.0 = Release|Any CPU
		{EF379588-FFD5-45AE-9D6E-843C856749EC}.Debug|Any CPU.ActiveCfg = Debug|Any CPU
		{EF379588-FFD5-45AE-9D6E-843C856749EC}.Debug|Any CPU.Build.0 = Debug|Any CPU
		{EF379588-FFD5-45AE-9D6E-843C856749EC}.Release|Any CPU.ActiveCfg = Release|Any CPU
		{EF379588-FFD5-45AE-9D6E-843C856749EC}.Release|Any CPU.Build.0 = Release|Any CPU
	EndGlobalSection
	GlobalSection(SolutionProperties) = preSolution
		HideSolutionNode = FALSE
	EndGlobalSection
	GlobalSection(NestedProjects) = preSolution
		{166FB3AA-0139-4377-A994-E01B6F69DF18} = {C38C90EE-BA9A-4496-A09C-6AFA0A0E4805}
		{766562DD-F356-4EA1-80CA-3D2ACA137685} = {166FB3AA-0139-4377-A994-E01B6F69DF18}
		{B939856F-523D-4145-8020-899191B95138} = {F4F27154-B717-4AC8-B194-2EF3F3B29457}
		{A83B1A00-8A96-4753-A236-8160DC8AC476} = {2AB1F67C-554E-4EFC-9DC7-E9B3FA7D6F0C}
		{CCC9159C-BAEE-443B-A328-044262C2987A} = {C38C90EE-BA9A-4496-A09C-6AFA0A0E4805}
		{EF379588-FFD5-45AE-9D6E-843C856749EC} = {CCC9159C-BAEE-443B-A328-044262C2987A}
	EndGlobalSection
	GlobalSection(ExtensibilityGlobals) = postSolution
		SolutionGuid = {34798378-216D-4881-9E1C-8666C4EC1ADB}
	EndGlobalSection
EndGlobal
